# @generated by Move, please check-in and do not edit manually.

[move]
version = 3
manifest_digest = "65F7AA04BFFFCF73EF15C5496BB052F052CD51BB18C18C2D81318BB63D6FB4CC"
deps_digest = "F8BBB0CCB2491CA29A3DF03D6F92277A4F3574266507ACD77214D37ECA3F3082"
dependencies = [
  { id = "Sui", name = "Sui" },
]

[[move.package]]
id = "MoveStdlib"
source = { git = "https://github.com/MystenLabs/sui.git", rev = "mainnet", subdir = "crates\\sui-framework\\packages\\move-stdlib" }

[[move.package]]
id = "Sui"
source = { git = "https://github.com/MystenLabs/sui.git", rev = "mainnet", subdir = "crates/sui-framework/packages/sui-framework" }

dependencies = [
  { id = "MoveStdlib", name = "MoveStdlib" },
]

[move.toolchain-version]
compiler-version = "1.56.1"
edition = "2024.beta"
flavor = "sui"

[env]

[env.devnet]
chain-id = "bc718b80"
original-published-id = "0xb6b3ff40fe872304f787dc9e7114a13686c7cce4b890c237fdb26378157ac63c"
latest-published-id = "0xb6b3ff40fe872304f787dc9e7114a13686c7cce4b890c237fdb26378157ac63c"
published-version = "1"
